
Microsoft Visual Studio Solution File, Format Version 12.00
# Visual Studio Version 16
VisualStudioVersion = 16.0.31729.503
MinimumVisualStudioVersion = 10.0.40219.1
Project("{FAE04EC0-301F-11D3-BF4B-00C04F79EFBC}") = "cookieclicker", "cookieclicker\cookieclicker.csproj", "{D7D3B6BA-C3DB-43B4-B776-D13BF7F9AD21}"
EndProject
Global
	GlobalSection(SolutionConfigurationPlatforms) = preSolution
		Debug|Any CPU = Debug|Any CPU
		Release|Any CPU = Release|Any CPU
	EndGlobalSection
	GlobalSection(ProjectConfigurationPlatforms) = postSolution
		{D7D3B6BA-C3DB-43B4-B776-D13BF7F9AD21}.Debug|Any CPU.ActiveCfg = Debug|Any CPU
		{D7D3B6BA-C3DB-43B4-B776-D13BF7F9AD21}.Debug|Any CPU.Build.0 = Debug|Any CPU
		{D7D3B6BA-C3DB-43B4-B776-D13BF7F9AD21}.Release|Any CPU.ActiveCfg = Release|Any CPU
		{D7D3B6BA-C3DB-43B4-B776-D13BF7F9AD21}.Release|Any CPU.Build.0 = Release|Any CPU
	EndGlobalSection
	GlobalSection(SolutionProperties) = preSolution
		HideSolutionNode = FALSE
	EndGlobalSection
	GlobalSection(ExtensibilityGlobals) = postSolution
		SolutionGuid = {641C5032-F3A2-48D5-8C86-2AE9862CD6BD}
	EndGlobalSection
EndGlobal
